// !$*UTF8*$!
{
	archiveVersion = 1;
	classes = {
	};
	objectVersion = 50;
	objects = {

/* Begin PBXBuildFile section */
		855A420C26101A9900C927B8 /* main.swift in Sources */ = {isa = PBXBuildFile; fileRef = 855A420B26101A9900C927B8 /* main.swift */; };
		855A421426101AE100C927B8 /* Stack.swift in Sources */ = {isa = PBXBuildFile; fileRef = 855A421326101AE100C927B8 /* Stack.swift */; };
		855A42172610206100C927B8 /* Error.swift in Sources */ = {isa = PBXBuildFile; fileRef = 855A42162610206100C927B8 /* Error.swift */; };
		855A421A2610216800C927B8 /* Calculator.swift in Sources */ = {isa = PBXBuildFile; fileRef = 855A42192610216800C927B8 /* Calculator.swift */; };
		855A42262610492300C927B8 /* Operators.swift in Sources */ = {isa = PBXBuildFile; fileRef = 855A42252610492300C927B8 /* Operators.swift */; };
		855A422926104AB300C927B8 /* Plus.swift in Sources */ = {isa = PBXBuildFile; fileRef = 855A422826104AB300C927B8 /* Plus.swift */; };
		855A422F261051E300C927B8 /* Minus.swift in Sources */ = {isa = PBXBuildFile; fileRef = 855A422E261051E300C927B8 /* Minus.swift */; };
		855A42332610530400C927B8 /* Multiplication.swift in Sources */ = {isa = PBXBuildFile; fileRef = 855A42322610530400C927B8 /* Multiplication.swift */; };
		855A42362610531900C927B8 /* Divide.swift in Sources */ = {isa = PBXBuildFile; fileRef = 855A42352610531900C927B8 /* Divide.swift */; };
		855A423C261053E900C927B8 /* AND.swift in Sources */ = {isa = PBXBuildFile; fileRef = 855A423B261053E900C927B8 /* AND.swift */; };
		855A4240261053FF00C927B8 /* NAND.swift in Sources */ = {isa = PBXBuildFile; fileRef = 855A423F261053FF00C927B8 /* NAND.swift */; };
		855A42432610540D00C927B8 /* OR.swift in Sources */ = {isa = PBXBuildFile; fileRef = 855A42422610540D00C927B8 /* OR.swift */; };
		855A42462610541600C927B8 /* NOR.swift in Sources */ = {isa = PBXBuildFile; fileRef = 855A42452610541600C927B8 /* NOR.swift */; };
		855A42492610542100C927B8 /* XOR.swift in Sources */ = {isa = PBXBuildFile; fileRef = 855A42482610542100C927B8 /* XOR.swift */; };
		855A424C2610542B00C927B8 /* NOT.swift in Sources */ = {isa = PBXBuildFile; fileRef = 855A424B2610542B00C927B8 /* NOT.swift */; };
		855A424F2610543600C927B8 /* LeftShift.swift in Sources */ = {isa = PBXBuildFile; fileRef = 855A424E2610543600C927B8 /* LeftShift.swift */; };
		855A42522610544100C927B8 /* RightShift.swift in Sources */ = {isa = PBXBuildFile; fileRef = 855A42512610544100C927B8 /* RightShift.swift */; };
/* End PBXBuildFile section */

/* Begin PBXCopyFilesBuildPhase section */
		855A420626101A9900C927B8 /* CopyFiles */ = {
			isa = PBXCopyFilesBuildPhase;
			buildActionMask = 2147483647;
			dstPath = /usr/share/man/man1/;
			dstSubfolderSpec = 0;
			files = (
			);
			runOnlyForDeploymentPostprocessing = 1;
		};
/* End PBXCopyFilesBuildPhase section */

/* Begin PBXFileReference section */
		855A420826101A9900C927B8 /* Calculator */ = {isa = PBXFileReference; explicitFileType = "compiled.mach-o.executable"; includeInIndex = 0; path = Calculator; sourceTree = BUILT_PRODUCTS_DIR; };
		855A420B26101A9900C927B8 /* main.swift */ = {isa = PBXFileReference; lastKnownFileType = sourcecode.swift; path = main.swift; sourceTree = "<group>"; };
		855A421326101AE100C927B8 /* Stack.swift */ = {isa = PBXFileReference; lastKnownFileType = sourcecode.swift; path = Stack.swift; sourceTree = "<group>"; };
		855A42162610206100C927B8 /* Error.swift */ = {isa = PBXFileReference; lastKnownFileType = sourcecode.swift; path = Error.swift; sourceTree = "<group>"; };
		855A42192610216800C927B8 /* Calculator.swift */ = {isa = PBXFileReference; lastKnownFileType = sourcecode.swift; path = Calculator.swift; sourceTree = "<group>"; };
		855A42252610492300C927B8 /* Operators.swift */ = {isa = PBXFileReference; lastKnownFileType = sourcecode.swift; path = Operators.swift; sourceTree = "<group>"; };
		855A422826104AB300C927B8 /* Plus.swift */ = {isa = PBXFileReference; lastKnownFileType = sourcecode.swift; path = Plus.swift; sourceTree = "<group>"; };
		855A422E261051E300C927B8 /* Minus.swift */ = {isa = PBXFileReference; lastKnownFileType = sourcecode.swift; path = Minus.swift; sourceTree = "<group>"; };
		855A42322610530400C927B8 /* Multiplication.swift */ = {isa = PBXFileReference; lastKnownFileType = sourcecode.swift; path = Multiplication.swift; sourceTree = "<group>"; };
		855A42352610531900C927B8 /* Divide.swift */ = {isa = PBXFileReference; lastKnownFileType = sourcecode.swift; path = Divide.swift; sourceTree = "<group>"; };
		855A423B261053E900C927B8 /* AND.swift */ = {isa = PBXFileReference; lastKnownFileType = sourcecode.swift; path = AND.swift; sourceTree = "<group>"; };
		855A423F261053FF00C927B8 /* NAND.swift */ = {isa = PBXFileReference; lastKnownFileType = sourcecode.swift; path = NAND.swift; sourceTree = "<group>"; };
		855A42422610540D00C927B8 /* OR.swift */ = {isa = PBXFileReference; lastKnownFileType = sourcecode.swift; path = OR.swift; sourceTree = "<group>"; };
		855A42452610541600C927B8 /* NOR.swift */ = {isa = PBXFileReference; lastKnownFileType = sourcecode.swift; path = NOR.swift; sourceTree = "<group>"; };
		855A42482610542100C927B8 /* XOR.swift */ = {isa = PBXFileReference; lastKnownFileType = sourcecode.swift; path = XOR.swift; sourceTree = "<group>"; };
		855A424B2610542B00C927B8 /* NOT.swift */ = {isa = PBXFileReference; lastKnownFileType = sourcecode.swift; path = NOT.swift; sourceTree = "<group>"; };
		855A424E2610543600C927B8 /* LeftShift.swift */ = {isa = PBXFileReference; lastKnownFileType = sourcecode.swift; path = LeftShift.swift; sourceTree = "<group>"; };
		855A42512610544100C927B8 /* RightShift.swift */ = {isa = PBXFileReference; lastKnownFileType = sourcecode.swift; path = RightShift.swift; sourceTree = "<group>"; };
/* End PBXFileReference section */

/* Begin PBXFrameworksBuildPhase section */
		855A420526101A9900C927B8 /* Frameworks */ = {
			isa = PBXFrameworksBuildPhase;
			buildActionMask = 2147483647;
			files = (
			);
			runOnlyForDeploymentPostprocessing = 0;
		};
/* End PBXFrameworksBuildPhase section */

/* Begin PBXGroup section */
		855A41FF26101A9900C927B8 = {
			isa = PBXGroup;
			children = (
				855A420A26101A9900C927B8 /* Calculator */,
				855A420926101A9900C927B8 /* Products */,
			);
			sourceTree = "<group>";
		};
		855A420926101A9900C927B8 /* Products */ = {
			isa = PBXGroup;
			children = (
				855A420826101A9900C927B8 /* Calculator */,
			);
			name = Products;
			sourceTree = "<group>";
		};
		855A420A26101A9900C927B8 /* Calculator */ = {
			isa = PBXGroup;
			children = (
				855A4223261048B000C927B8 /* Operators */,
				855A420B26101A9900C927B8 /* main.swift */,
				855A421326101AE100C927B8 /* Stack.swift */,
				855A42162610206100C927B8 /* Error.swift */,
				855A42192610216800C927B8 /* Calculator.swift */,
			);
			path = Calculator;
			sourceTree = "<group>";
		};
		855A4223261048B000C927B8 /* Operators */ = {
			isa = PBXGroup;
			children = (
				855A42382610537B00C927B8 /* CommonOperator */,
				855A42392610539700C927B8 /* DecimalOperator */,
				855A423A261053B800C927B8 /* BinaryOperator */,
				855A42252610492300C927B8 /* Operators.swift */,
			);
			path = Operators;
			sourceTree = "<group>";
		};
		855A42382610537B00C927B8 /* CommonOperator */ = {
			isa = PBXGroup;
			children = (
				855A422826104AB300C927B8 /* Plus.swift */,
				855A422E261051E300C927B8 /* Minus.swift */,
			);
			path = CommonOperator;
			sourceTree = "<group>";
		};
		855A42392610539700C927B8 /* DecimalOperator */ = {
			isa = PBXGroup;
			children = (
				855A42322610530400C927B8 /* Multiplication.swift */,
				855A42352610531900C927B8 /* Divide.swift */,
			);
			path = DecimalOperator;
			sourceTree = "<group>";
		};
		855A423A261053B800C927B8 /* BinaryOperator */ = {
			isa = PBXGroup;
			children = (
				855A423B261053E900C927B8 /* AND.swift */,
				855A423F261053FF00C927B8 /* NAND.swift */,
				855A42422610540D00C927B8 /* OR.swift */,
				855A42452610541600C927B8 /* NOR.swift */,
				855A42482610542100C927B8 /* XOR.swift */,
				855A424B2610542B00C927B8 /* NOT.swift */,
				855A424E2610543600C927B8 /* LeftShift.swift */,
				855A42512610544100C927B8 /* RightShift.swift */,
			);
			path = BinaryOperator;
			sourceTree = "<group>";
		};
/* End PBXGroup section */

/* Begin PBXNativeTarget section */
		855A420726101A9900C927B8 /* Calculator */ = {
			isa = PBXNativeTarget;
			buildConfigurationList = 855A420F26101A9900C927B8 /* Build configuration list for PBXNativeTarget "Calculator" */;
			buildPhases = (
				855A420426101A9900C927B8 /* Sources */,
				855A420526101A9900C927B8 /* Frameworks */,
				855A420626101A9900C927B8 /* CopyFiles */,
			);
			buildRules = (
			);
			dependencies = (
			);
			name = Calculator;
			productName = Calculator;
			productReference = 855A420826101A9900C927B8 /* Calculator */;
			productType = "com.apple.product-type.tool";
		};
/* End PBXNativeTarget section */

/* Begin PBXProject section */
		855A420026101A9900C927B8 /* Project object */ = {
			isa = PBXProject;
			attributes = {
				LastSwiftUpdateCheck = 1240;
				LastUpgradeCheck = 1240;
				TargetAttributes = {
					855A420726101A9900C927B8 = {
						CreatedOnToolsVersion = 12.4;
					};
				};
			};
			buildConfigurationList = 855A420326101A9900C927B8 /* Build configuration list for PBXProject "Calculator" */;
			compatibilityVersion = "Xcode 9.3";
			developmentRegion = en;
			hasScannedForEncodings = 0;
			knownRegions = (
				en,
				Base,
			);
			mainGroup = 855A41FF26101A9900C927B8;
			productRefGroup = 855A420926101A9900C927B8 /* Products */;
			projectDirPath = "";
			projectRoot = "";
			targets = (
				855A420726101A9900C927B8 /* Calculator */,
			);
		};
/* End PBXProject section */

/* Begin PBXSourcesBuildPhase section */
		855A420426101A9900C927B8 /* Sources */ = {
			isa = PBXSourcesBuildPhase;
			buildActionMask = 2147483647;
			files = (
				855A421426101AE100C927B8 /* Stack.swift in Sources */,
				855A4240261053FF00C927B8 /* NAND.swift in Sources */,
				855A424C2610542B00C927B8 /* NOT.swift in Sources */,
				855A424F2610543600C927B8 /* LeftShift.swift in Sources */,
				855A42522610544100C927B8 /* RightShift.swift in Sources */,
				855A422926104AB300C927B8 /* Plus.swift in Sources */,
				855A42492610542100C927B8 /* XOR.swift in Sources */,
				855A422F261051E300C927B8 /* Minus.swift in Sources */,
				855A421A2610216800C927B8 /* Calculator.swift in Sources */,
				855A42262610492300C927B8 /* Operators.swift in Sources */,
				855A42332610530400C927B8 /* Multiplication.swift in Sources */,
				855A42172610206100C927B8 /* Error.swift in Sources */,
				855A42432610540D00C927B8 /* OR.swift in Sources */,
				855A42362610531900C927B8 /* Divide.swift in Sources */,
				855A420C26101A9900C927B8 /* main.swift in Sources */,
				855A42462610541600C927B8 /* NOR.swift in Sources */,
				855A423C261053E900C927B8 /* AND.swift in Sources */,
			);
			runOnlyForDeploymentPostprocessing = 0;
		};
/* End PBXSourcesBuildPhase section */

/* Begin XCBuildConfiguration section */
		855A420D26101A9900C927B8 /* Debug */ = {
			isa = XCBuildConfiguration;
			buildSettings = {
				ALWAYS_SEARCH_USER_PATHS = NO;
				CLANG_ANALYZER_NONNULL = YES;
				CLANG_ANALYZER_NUMBER_OBJECT_CONVERSION = YES_AGGRESSIVE;
				CLANG_CXX_LANGUAGE_STANDARD = "gnu++14";
				CLANG_CXX_LIBRARY = "libc++";
				CLANG_ENABLE_MODULES = YES;
				CLANG_ENABLE_OBJC_ARC = YES;
				CLANG_ENABLE_OBJC_WEAK = YES;
				CLANG_WARN_BLOCK_CAPTURE_AUTORELEASING = YES;
				CLANG_WARN_BOOL_CONVERSION = YES;
				CLANG_WARN_COMMA = YES;
				CLANG_WARN_CONSTANT_CONVERSION = YES;
				CLANG_WARN_DEPRECATED_OBJC_IMPLEMENTATIONS = YES;
				CLANG_WARN_DIRECT_OBJC_ISA_USAGE = YES_ERROR;
				CLANG_WARN_DOCUMENTATION_COMMENTS = YES;
				CLANG_WARN_EMPTY_BODY = YES;
				CLANG_WARN_ENUM_CONVERSION = YES;
				CLANG_WARN_INFINITE_RECURSION = YES;
				CLANG_WARN_INT_CONVERSION = YES;
				CLANG_WARN_NON_LITERAL_NULL_CONVERSION = YES;
				CLANG_WARN_OBJC_IMPLICIT_RETAIN_SELF = YES;
				CLANG_WARN_OBJC_LITERAL_CONVERSION = YES;
				CLANG_WARN_OBJC_ROOT_CLASS = YES_ERROR;
				CLANG_WARN_QUOTED_INCLUDE_IN_FRAMEWORK_HEADER = YES;
				CLANG_WARN_RANGE_LOOP_ANALYSIS = YES;
				CLANG_WARN_STRICT_PROTOTYPES = YES;
				CLANG_WARN_SUSPICIOUS_MOVE = YES;
				CLANG_WARN_UNGUARDED_AVAILABILITY = YES_AGGRESSIVE;
				CLANG_WARN_UNREACHABLE_CODE = YES;
				CLANG_WARN__DUPLICATE_METHOD_MATCH = YES;
				COPY_PHASE_STRIP = NO;
				DEBUG_INFORMATION_FORMAT = dwarf;
				ENABLE_STRICT_OBJC_MSGSEND = YES;
				ENABLE_TESTABILITY = YES;
				GCC_C_LANGUAGE_STANDARD = gnu11;
				GCC_DYNAMIC_NO_PIC = NO;
				GCC_NO_COMMON_BLOCKS = YES;
				GCC_OPTIMIZATION_LEVEL = 0;
				GCC_PREPROCESSOR_DEFINITIONS = (
					"DEBUG=1",
					"$(inherited)",
				);
				GCC_WARN_64_TO_32_BIT_CONVERSION = YES;
				GCC_WARN_ABOUT_RETURN_TYPE = YES_ERROR;
				GCC_WARN_UNDECLARED_SELECTOR = YES;
				GCC_WARN_UNINITIALIZED_AUTOS = YES_AGGRESSIVE;
				GCC_WARN_UNUSED_FUNCTION = YES;
				GCC_WARN_UNUSED_VARIABLE = YES;
				MACOSX_DEPLOYMENT_TARGET = 11.0;
				MTL_ENABLE_DEBUG_INFO = INCLUDE_SOURCE;
				MTL_FAST_MATH = YES;
				ONLY_ACTIVE_ARCH = YES;
				SDKROOT = macosx;
				SWIFT_ACTIVE_COMPILATION_CONDITIONS = DEBUG;
				SWIFT_OPTIMIZATION_LEVEL = "-Onone";
			};
			name = Debug;
		};
		855A420E26101A9900C927B8 /* Release */ = {
			isa = XCBuildConfiguration;
			buildSettings = {
				ALWAYS_SEARCH_USER_PATHS = NO;
				CLANG_ANALYZER_NONNULL = YES;
				CLANG_ANALYZER_NUMBER_OBJECT_CONVERSION = YES_AGGRESSIVE;
				CLANG_CXX_LANGUAGE_STANDARD = "gnu++14";
				CLANG_CXX_LIBRARY = "libc++";
				CLANG_ENABLE_MODULES = YES;
				CLANG_ENABLE_OBJC_ARC = YES;
				CLANG_ENABLE_OBJC_WEAK = YES;
				CLANG_WARN_BLOCK_CAPTURE_AUTORELEASING = YES;
				CLANG_WARN_BOOL_CONVERSION = YES;
				CLANG_WARN_COMMA = YES;
				CLANG_WARN_CONSTANT_CONVERSION = YES;
				CLANG_WARN_DEPRECATED_OBJC_IMPLEMENTATIONS = YES;
				CLANG_WARN_DIRECT_OBJC_ISA_USAGE = YES_ERROR;
				CLANG_WARN_DOCUMENTATION_COMMENTS = YES;
				CLANG_WARN_EMPTY_BODY = YES;
				CLANG_WARN_ENUM_CONVERSION = YES;
				CLANG_WARN_INFINITE_RECURSION = YES;
				CLANG_WARN_INT_CONVERSION = YES;
				CLANG_WARN_NON_LITERAL_NULL_CONVERSION = YES;
				CLANG_WARN_OBJC_IMPLICIT_RETAIN_SELF = YES;
				CLANG_WARN_OBJC_LITERAL_CONVERSION = YES;
				CLANG_WARN_OBJC_ROOT_CLASS = YES_ERROR;
				CLANG_WARN_QUOTED_INCLUDE_IN_FRAMEWORK_HEADER = YES;
				CLANG_WARN_RANGE_LOOP_ANALYSIS = YES;
				CLANG_WARN_STRICT_PROTOTYPES = YES;
				CLANG_WARN_SUSPICIOUS_MOVE = YES;
				CLANG_WARN_UNGUARDED_AVAILABILITY = YES_AGGRESSIVE;
				CLANG_WARN_UNREACHABLE_CODE = YES;
				CLANG_WARN__DUPLICATE_METHOD_MATCH = YES;
				COPY_PHASE_STRIP = NO;
				DEBUG_INFORMATION_FORMAT = "dwarf-with-dsym";
				ENABLE_NS_ASSERTIONS = NO;
				ENABLE_STRICT_OBJC_MSGSEND = YES;
				GCC_C_LANGUAGE_STANDARD = gnu11;
				GCC_NO_COMMON_BLOCKS = YES;
				GCC_WARN_64_TO_32_BIT_CONVERSION = YES;
				GCC_WARN_ABOUT_RETURN_TYPE = YES_ERROR;
				GCC_WARN_UNDECLARED_SELECTOR = YES;
				GCC_WARN_UNINITIALIZED_AUTOS = YES_AGGRESSIVE;
				GCC_WARN_UNUSED_FUNCTION = YES;
				GCC_WARN_UNUSED_VARIABLE = YES;
				MACOSX_DEPLOYMENT_TARGET = 11.0;
				MTL_ENABLE_DEBUG_INFO = NO;
				MTL_FAST_MATH = YES;
				SDKROOT = macosx;
				SWIFT_COMPILATION_MODE = wholemodule;
				SWIFT_OPTIMIZATION_LEVEL = "-O";
			};
			name = Release;
		};
		855A421026101A9900C927B8 /* Debug */ = {
			isa = XCBuildConfiguration;
			buildSettings = {
				CODE_SIGN_STYLE = Automatic;
				DEVELOPMENT_TEAM = SPWQVPZS24;
				ENABLE_HARDENED_RUNTIME = YES;
				PRODUCT_NAME = "$(TARGET_NAME)";
				SWIFT_VERSION = 5.0;
			};
			name = Debug;
		};
		855A421126101A9900C927B8 /* Release */ = {
			isa = XCBuildConfiguration;
			buildSettings = {
				CODE_SIGN_STYLE = Automatic;
				DEVELOPMENT_TEAM = SPWQVPZS24;
				ENABLE_HARDENED_RUNTIME = YES;
				PRODUCT_NAME = "$(TARGET_NAME)";
				SWIFT_VERSION = 5.0;
			};
			name = Release;
		};
/* End XCBuildConfiguration section */

/* Begin XCConfigurationList section */
		855A420326101A9900C927B8 /* Build configuration list for PBXProject "Calculator" */ = {
			isa = XCConfigurationList;
			buildConfigurations = (
				855A420D26101A9900C927B8 /* Debug */,
				855A420E26101A9900C927B8 /* Release */,
			);
			defaultConfigurationIsVisible = 0;
			defaultConfigurationName = Release;
		};
		855A420F26101A9900C927B8 /* Build configuration list for PBXNativeTarget "Calculator" */ = {
			isa = XCConfigurationList;
			buildConfigurations = (
				855A421026101A9900C927B8 /* Debug */,
				855A421126101A9900C927B8 /* Release */,
			);
			defaultConfigurationIsVisible = 0;
			defaultConfigurationName = Release;
		};
/* End XCConfigurationList section */
	};
	rootObject = 855A420026101A9900C927B8 /* Project object */;
}
